# THIS IS AN AUTOGENERATED FILE. DO NOT EDIT THIS FILE DIRECTLY.
# yarn lockfile v1


"prettier@>= 3.4.0":
  version "3.4.0"
  resolved "https://registry.yarnpkg.com/prettier/-/prettier-3.4.0.tgz#9dcd5e617cf103db8e4bd00924baecfd32bf9971"
  integrity sha512-/OXNZcLyWkfo13ofOW5M7SLh+k5pnIs07owXK2teFpnfaOEcycnSy7HQxldaVX1ZP/7Q8oO1eDuQJNwbomQq5Q==
