# THIS IS AN AUTOGENERATED FILE. DO NOT EDIT THIS FILE DIRECTLY.
# yarn lockfile v1


"prettier@>= 3.9.3":
  version "3.9.3"
  resolved "https://registry.yarnpkg.com/prettier/-/prettier-3.9.3.tgz#4caabe6fb955e8b8f13319f25872522ece519534"
  integrity sha512-HWmu+K+zvHNpaMfSnYeqdqrDbR16cuIXaPx8WoHaviQkDJh1/0BNtOZmHVQI5jc3wXv0H1yXc9wjvFdXh+n3hQ==
