# THIS IS AN AUTOGENERATED FILE. DO NOT EDIT THIS FILE DIRECTLY.
# yarn lockfile v1


"prettier@>= 3.9.4":
  version "3.9.4"
  resolved "https://registry.yarnpkg.com/prettier/-/prettier-3.9.4.tgz#a9c477cf1614376bd1f6bbc593d8c0d414bcec87"
  integrity sha512-yWG/o/4oJfo036EKAfK6ACAoDOfHeRHx4tuxkfBZiauURiaSmYwlpOr5LQqKtIkRD2z1PLteme2WoxEnj4tHTg==
